// !$*UTF8*$!
{
	archiveVersion = 1;
	classes = {
	};
	objectVersion = 46;
	objects = {

/* Begin PBXBuildFile section */
		1814CF831D94BD0900F24842 /* ViewOptions.swift in Sources */ = {isa = PBXBuildFile; fileRef = 1814CF821D94BD0900F24842 /* ViewOptions.swift */; };
		1814CF871D94C57400F24842 /* MomentConstants.swift in Sources */ = {isa = PBXBuildFile; fileRef = 1814CF861D94C57400F24842 /* MomentConstants.swift */; };
		182439731D62FA06002A5C99 /* UIView+Gestures.swift in Sources */ = {isa = PBXBuildFile; fileRef = 182439721D62FA06002A5C99 /* UIView+Gestures.swift */; };
		182439751D63F72F002A5C99 /* StatusBarView.swift in Sources */ = {isa = PBXBuildFile; fileRef = 182439741D63F72F002A5C99 /* StatusBarView.swift */; };
		182439781D63FE12002A5C99 /* MomentView.swift in Sources */ = {isa = PBXBuildFile; fileRef = 182439771D63FE12002A5C99 /* MomentView.swift */; };
		1824397A1D6BFC15002A5C99 /* WechatMomentViewID.swift in Sources */ = {isa = PBXBuildFile; fileRef = 182439791D6BFC15002A5C99 /* WechatMomentViewID.swift */; };
		182AB0AD1D757CC0001EA9A1 /* MomentData.swift in Sources */ = {isa = PBXBuildFile; fileRef = 182AB0AC1D757CC0001EA9A1 /* MomentData.swift */; };
		183E42F11DB33E810077A850 /* ViewId.swift in Sources */ = {isa = PBXBuildFile; fileRef = 183E42F01DB33E810077A850 /* ViewId.swift */; };
		18576F811D619DF900837ED2 /* UIUtils.swift in Sources */ = {isa = PBXBuildFile; fileRef = 18576F801D619DF900837ED2 /* UIUtils.swift */; };
		186B46CA1D9385F600ADE14D /* HomeTableViewCell.swift in Sources */ = {isa = PBXBuildFile; fileRef = 186B46C91D9385F600ADE14D /* HomeTableViewCell.swift */; };
		187E30C81D61A71300F27B9D /* SignalStrengthIndicator.swift in Sources */ = {isa = PBXBuildFile; fileRef = 187E30C71D61A71300F27B9D /* SignalStrengthIndicator.swift */; };
		187E30CA1D61C05000F27B9D /* WechatNavigationBarView.swift in Sources */ = {isa = PBXBuildFile; fileRef = 187E30C91D61C05000F27B9D /* WechatNavigationBarView.swift */; };
		1889C1B21D93886F00F813F8 /* WechatScreenTableViewCell.swift in Sources */ = {isa = PBXBuildFile; fileRef = 1889C1B11D93886F00F813F8 /* WechatScreenTableViewCell.swift */; };
		18AE3CD91D5DB4D300E651C6 /* AppDelegate.swift in Sources */ = {isa = PBXBuildFile; fileRef = 18AE3CD81D5DB4D300E651C6 /* AppDelegate.swift */; };
		18AE3CE31D5DB4D300E651C6 /* LaunchScreen.storyboard in Resources */ = {isa = PBXBuildFile; fileRef = 18AE3CE11D5DB4D300E651C6 /* LaunchScreen.storyboard */; };
		18AE3CED1D5DBD5300E651C6 /* AppHomeController.swift in Sources */ = {isa = PBXBuildFile; fileRef = 18AE3CEC1D5DBD5300E651C6 /* AppHomeController.swift */; };
		18AE3CFA1D5DCC0C00E651C6 /* AppAssets.xcassets in Resources */ = {isa = PBXBuildFile; fileRef = 18AE3CDF1D5DB4D300E651C6 /* AppAssets.xcassets */; };
		18AE42711D77BCFF0071C9C2 /* SudokuView.swift in Sources */ = {isa = PBXBuildFile; fileRef = 18AE42701D77BCFF0071C9C2 /* SudokuView.swift */; };
		18B532411D615EB70004BFE1 /* WechatScreenListController.swift in Sources */ = {isa = PBXBuildFile; fileRef = 18B532401D615EB70004BFE1 /* WechatScreenListController.swift */; };
		18B532431D6167D80004BFE1 /* WechatMomentsController.swift in Sources */ = {isa = PBXBuildFile; fileRef = 18B532421D6167D80004BFE1 /* WechatMomentsController.swift */; };
		18DE47CF1D89399000477C6B /* LikeAndCommentsView.swift in Sources */ = {isa = PBXBuildFile; fileRef = 18DE47CE1D89399000477C6B /* LikeAndCommentsView.swift */; };
		18DE47D11D910A4F00477C6B /* NSURL+Params.swift in Sources */ = {isa = PBXBuildFile; fileRef = 18DE47D01D910A4F00477C6B /* NSURL+Params.swift */; };
		18FED1E11D93C2BC0008982F /* UIControl+Target.swift in Sources */ = {isa = PBXBuildFile; fileRef = 18FED1E01D93C2BC0008982F /* UIControl+Target.swift */; };
		EC20D67A2C682F257C92D26E /* Pods_AppScreenMocker.framework in Frameworks */ = {isa = PBXBuildFile; fileRef = C9BFB3F7FE03F99592201D4A /* Pods_AppScreenMocker.framework */; };
/* End PBXBuildFile section */

/* Begin PBXCopyFilesBuildPhase section */
		18AE3CF71D5DCB7000E651C6 /* Embed Frameworks */ = {
			isa = PBXCopyFilesBuildPhase;
			buildActionMask = 2147483647;
			dstPath = "";
			dstSubfolderSpec = 10;
			files = (
			);
			name = "Embed Frameworks";
			runOnlyForDeploymentPostprocessing = 0;
		};
/* End PBXCopyFilesBuildPhase section */

/* Begin PBXFileReference section */
		1814CF821D94BD0900F24842 /* ViewOptions.swift */ = {isa = PBXFileReference; fileEncoding = 4; lastKnownFileType = sourcecode.swift; path = ViewOptions.swift; sourceTree = "<group>"; };
		1814CF861D94C57400F24842 /* MomentConstants.swift */ = {isa = PBXFileReference; fileEncoding = 4; lastKnownFileType = sourcecode.swift; path = MomentConstants.swift; sourceTree = "<group>"; };
		182439721D62FA06002A5C99 /* UIView+Gestures.swift */ = {isa = PBXFileReference; fileEncoding = 4; lastKnownFileType = sourcecode.swift; path = "UIView+Gestures.swift"; sourceTree = "<group>"; };
		182439741D63F72F002A5C99 /* StatusBarView.swift */ = {isa = PBXFileReference; fileEncoding = 4; lastKnownFileType = sourcecode.swift; path = StatusBarView.swift; sourceTree = "<group>"; };
		182439771D63FE12002A5C99 /* MomentView.swift */ = {isa = PBXFileReference; fileEncoding = 4; lastKnownFileType = sourcecode.swift; path = MomentView.swift; sourceTree = "<group>"; };
		182439791D6BFC15002A5C99 /* WechatMomentViewID.swift */ = {isa = PBXFileReference; fileEncoding = 4; lastKnownFileType = sourcecode.swift; path = WechatMomentViewID.swift; sourceTree = "<group>"; };
		182AB0AC1D757CC0001EA9A1 /* MomentData.swift */ = {isa = PBXFileReference; fileEncoding = 4; lastKnownFileType = sourcecode.swift; path = MomentData.swift; sourceTree = "<group>"; };
		183E42F01DB33E810077A850 /* ViewId.swift */ = {isa = PBXFileReference; fileEncoding = 4; lastKnownFileType = sourcecode.swift; path = ViewId.swift; sourceTree = "<group>"; };
		18576F801D619DF900837ED2 /* UIUtils.swift */ = {isa = PBXFileReference; fileEncoding = 4; lastKnownFileType = sourcecode.swift; path = UIUtils.swift; sourceTree = "<group>"; };
		186B46C91D9385F600ADE14D /* HomeTableViewCell.swift */ = {isa = PBXFileReference; fileEncoding = 4; lastKnownFileType = sourcecode.swift; path = HomeTableViewCell.swift; sourceTree = "<group>"; };
		187E30C71D61A71300F27B9D /* SignalStrengthIndicator.swift */ = {isa = PBXFileReference; fileEncoding = 4; lastKnownFileType = sourcecode.swift; path = SignalStrengthIndicator.swift; sourceTree = "<group>"; };
		187E30C91D61C05000F27B9D /* WechatNavigationBarView.swift */ = {isa = PBXFileReference; fileEncoding = 4; lastKnownFileType = sourcecode.swift; path = WechatNavigationBarView.swift; sourceTree = "<group>"; };
		1889C1B11D93886F00F813F8 /* WechatScreenTableViewCell.swift */ = {isa = PBXFileReference; fileEncoding = 4; lastKnownFileType = sourcecode.swift; path = WechatScreenTableViewCell.swift; sourceTree = "<group>"; };
		18AE3CD51D5DB4D300E651C6 /* AppScreenMocker.app */ = {isa = PBXFileReference; explicitFileType = wrapper.application; includeInIndex = 0; path = AppScreenMocker.app; sourceTree = BUILT_PRODUCTS_DIR; };
		18AE3CD81D5DB4D300E651C6 /* AppDelegate.swift */ = {isa = PBXFileReference; lastKnownFileType = sourcecode.swift; path = AppDelegate.swift; sourceTree = "<group>"; };
		18AE3CDF1D5DB4D300E651C6 /* AppAssets.xcassets */ = {isa = PBXFileReference; lastKnownFileType = folder.assetcatalog; path = AppAssets.xcassets; sourceTree = "<group>"; };
		18AE3CE21D5DB4D300E651C6 /* Base */ = {isa = PBXFileReference; lastKnownFileType = file.storyboard; name = Base; path = Base.lproj/LaunchScreen.storyboard; sourceTree = "<group>"; };
		18AE3CE41D5DB4D300E651C6 /* Info.plist */ = {isa = PBXFileReference; lastKnownFileType = text.plist.xml; path = Info.plist; sourceTree = "<group>"; };
		18AE3CEC1D5DBD5300E651C6 /* AppHomeController.swift */ = {isa = PBXFileReference; fileEncoding = 4; lastKnownFileType = sourcecode.swift; path = AppHomeController.swift; sourceTree = "<group>"; };
		18AE42701D77BCFF0071C9C2 /* SudokuView.swift */ = {isa = PBXFileReference; fileEncoding = 4; lastKnownFileType = sourcecode.swift; path = SudokuView.swift; sourceTree = "<group>"; };
		18B34F241D93D3E100044DD0 /* zh-Hans */ = {isa = PBXFileReference; lastKnownFileType = text.plist.strings; name = "zh-Hans"; path = "zh-Hans.lproj/LaunchScreen.strings"; sourceTree = "<group>"; };
		18B532401D615EB70004BFE1 /* WechatScreenListController.swift */ = {isa = PBXFileReference; fileEncoding = 4; lastKnownFileType = sourcecode.swift; path = WechatScreenListController.swift; sourceTree = "<group>"; };
		18B532421D6167D80004BFE1 /* WechatMomentsController.swift */ = {isa = PBXFileReference; fileEncoding = 4; lastKnownFileType = sourcecode.swift; path = WechatMomentsController.swift; sourceTree = "<group>"; };
		18DE47CE1D89399000477C6B /* LikeAndCommentsView.swift */ = {isa = PBXFileReference; fileEncoding = 4; lastKnownFileType = sourcecode.swift; path = LikeAndCommentsView.swift; sourceTree = "<group>"; };
		18DE47D01D910A4F00477C6B /* NSURL+Params.swift */ = {isa = PBXFileReference; fileEncoding = 4; lastKnownFileType = sourcecode.swift; path = "NSURL+Params.swift"; sourceTree = "<group>"; };
		18FED1E01D93C2BC0008982F /* UIControl+Target.swift */ = {isa = PBXFileReference; fileEncoding = 4; lastKnownFileType = sourcecode.swift; path = "UIControl+Target.swift"; sourceTree = "<group>"; };
		68A0C31FB7A9931C06C549D0 /* Pods-AppScreenMocker.debug.xcconfig */ = {isa = PBXFileReference; includeInIndex = 1; lastKnownFileType = text.xcconfig; name = "Pods-AppScreenMocker.debug.xcconfig"; path = "Pods/Target Support Files/Pods-AppScreenMocker/Pods-AppScreenMocker.debug.xcconfig"; sourceTree = "<group>"; };
		B4C6B50DB8B1EF2342BBD08D /* Pods-AppScreenMocker.release.xcconfig */ = {isa = PBXFileReference; includeInIndex = 1; lastKnownFileType = text.xcconfig; name = "Pods-AppScreenMocker.release.xcconfig"; path = "Pods/Target Support Files/Pods-AppScreenMocker/Pods-AppScreenMocker.release.xcconfig"; sourceTree = "<group>"; };
		C9BFB3F7FE03F99592201D4A /* Pods_AppScreenMocker.framework */ = {isa = PBXFileReference; explicitFileType = wrapper.framework; includeInIndex = 0; path = Pods_AppScreenMocker.framework; sourceTree = BUILT_PRODUCTS_DIR; };
/* End PBXFileReference section */

/* Begin PBXFrameworksBuildPhase section */
		18AE3CD21D5DB4D300E651C6 /* Frameworks */ = {
			isa = PBXFrameworksBuildPhase;
			buildActionMask = 2147483647;
			files = (
				EC20D67A2C682F257C92D26E /* Pods_AppScreenMocker.framework in Frameworks */,
			);
			runOnlyForDeploymentPostprocessing = 0;
		};
/* End PBXFrameworksBuildPhase section */

/* Begin PBXGroup section */
		182439711D62F986002A5C99 /* Extensions */ = {
			isa = PBXGroup;
			children = (
				18FED1E01D93C2BC0008982F /* UIControl+Target.swift */,
				182439721D62FA06002A5C99 /* UIView+Gestures.swift */,
				18DE47D01D910A4F00477C6B /* NSURL+Params.swift */,
			);
			name = Extensions;
			sourceTree = "<group>";
		};
		182439761D63FA0A002A5C99 /* Moments */ = {
			isa = PBXGroup;
			children = (
				18B532421D6167D80004BFE1 /* WechatMomentsController.swift */,
				182439771D63FE12002A5C99 /* MomentView.swift */,
				182439791D6BFC15002A5C99 /* WechatMomentViewID.swift */,
				182AB0AC1D757CC0001EA9A1 /* MomentData.swift */,
				18AE42701D77BCFF0071C9C2 /* SudokuView.swift */,
				18DE47CE1D89399000477C6B /* LikeAndCommentsView.swift */,
				1814CF861D94C57400F24842 /* MomentConstants.swift */,
			);
			name = Moments;
			sourceTree = "<group>";
		};
		18576F7F1D619DD700837ED2 /* Utils */ = {
			isa = PBXGroup;
			children = (
				18576F801D619DF900837ED2 /* UIUtils.swift */,
				1814CF821D94BD0900F24842 /* ViewOptions.swift */,
			);
			name = Utils;
			sourceTree = "<group>";
		};
		18576F821D61A68300837ED2 /* Views */ = {
			isa = PBXGroup;
			children = (
				187E30C71D61A71300F27B9D /* SignalStrengthIndicator.swift */,
				182439741D63F72F002A5C99 /* StatusBarView.swift */,
				183E42F01DB33E810077A850 /* ViewId.swift */,
			);
			name = Views;
			sourceTree = "<group>";
		};
		18AE3CCC1D5DB4D300E651C6 = {
			isa = PBXGroup;
			children = (
				18AE3CD71D5DB4D300E651C6 /* AppScreenMocker */,
				18AE3CD61D5DB4D300E651C6 /* Products */,
				59C1C3C2A0C8B08A710B38E4 /* Pods */,
				3E04F6165F0F0E1EAC94DDC0 /* Frameworks */,
			);
			sourceTree = "<group>";
		};
		18AE3CD61D5DB4D300E651C6 /* Products */ = {
			isa = PBXGroup;
			children = (
				18AE3CD51D5DB4D300E651C6 /* AppScreenMocker.app */,
			);
			name = Products;
			sourceTree = "<group>";
		};
		18AE3CD71D5DB4D300E651C6 /* AppScreenMocker */ = {
			isa = PBXGroup;
			children = (
				182439711D62F986002A5C99 /* Extensions */,
				18576F821D61A68300837ED2 /* Views */,
				18576F7F1D619DD700837ED2 /* Utils */,
				18B5323F1D615E540004BFE1 /* WechatScreens */,
				18AE3CD81D5DB4D300E651C6 /* AppDelegate.swift */,
				18AE3CEC1D5DBD5300E651C6 /* AppHomeController.swift */,
				186B46C91D9385F600ADE14D /* HomeTableViewCell.swift */,
				18AE3CDF1D5DB4D300E651C6 /* AppAssets.xcassets */,
				18AE3CE11D5DB4D300E651C6 /* LaunchScreen.storyboard */,
				18AE3CE41D5DB4D300E651C6 /* Info.plist */,
			);
			path = AppScreenMocker;
			sourceTree = "<group>";
		};
		18B5323F1D615E540004BFE1 /* WechatScreens */ = {
			isa = PBXGroup;
			children = (
				182439761D63FA0A002A5C99 /* Moments */,
				187E30C91D61C05000F27B9D /* WechatNavigationBarView.swift */,
				18B532401D615EB70004BFE1 /* WechatScreenListController.swift */,
				1889C1B11D93886F00F813F8 /* WechatScreenTableViewCell.swift */,
			);
			name = WechatScreens;
			sourceTree = "<group>";
		};
		3E04F6165F0F0E1EAC94DDC0 /* Frameworks */ = {
			isa = PBXGroup;
			children = (
				C9BFB3F7FE03F99592201D4A /* Pods_AppScreenMocker.framework */,
			);
			name = Frameworks;
			sourceTree = "<group>";
		};
		59C1C3C2A0C8B08A710B38E4 /* Pods */ = {
			isa = PBXGroup;
			children = (
				68A0C31FB7A9931C06C549D0 /* Pods-AppScreenMocker.debug.xcconfig */,
				B4C6B50DB8B1EF2342BBD08D /* Pods-AppScreenMocker.release.xcconfig */,
			);
			name = Pods;
			sourceTree = "<group>";
		};
/* End PBXGroup section */

/* Begin PBXNativeTarget section */
		18AE3CD41D5DB4D300E651C6 /* AppScreenMocker */ = {
			isa = PBXNativeTarget;
			buildConfigurationList = 18AE3CE71D5DB4D300E651C6 /* Build configuration list for PBXNativeTarget "AppScreenMocker" */;
			buildPhases = (
				69143ED39B9F203653F2BFA0 /* [CP] Check Pods Manifest.lock */,
				18AE3CD11D5DB4D300E651C6 /* Sources */,
				18AE3CD21D5DB4D300E651C6 /* Frameworks */,
				18AE3CD31D5DB4D300E651C6 /* Resources */,
				18AE3CF71D5DCB7000E651C6 /* Embed Frameworks */,
				3E42B364015F0B083C910B49 /* [CP] Embed Pods Frameworks */,
				9BEA0723093DEBF4CE4A37DA /* [CP] Copy Pods Resources */,
			);
			buildRules = (
			);
			dependencies = (
			);
			name = AppScreenMocker;
			productName = AppScreenMocker;
			productReference = 18AE3CD51D5DB4D300E651C6 /* AppScreenMocker.app */;
			productType = "com.apple.product-type.application";
		};
/* End PBXNativeTarget section */

/* Begin PBXProject section */
		18AE3CCD1D5DB4D300E651C6 /* Project object */ = {
			isa = PBXProject;
			attributes = {
				LastSwiftUpdateCheck = 0730;
				LastUpgradeCheck = 0800;
				ORGANIZATIONNAME = "Hong Duan";
				TargetAttributes = {
					18AE3CD41D5DB4D300E651C6 = {
						CreatedOnToolsVersion = 7.3.1;
						DevelopmentTeam = 446D3PL69W;
						LastSwiftMigration = 0800;
					};
				};
			};
			buildConfigurationList = 18AE3CD01D5DB4D300E651C6 /* Build configuration list for PBXProject "AppScreenMocker" */;
			compatibilityVersion = "Xcode 3.2";
			developmentRegion = English;
			hasScannedForEncodings = 0;
			knownRegions = (
				en,
				Base,
			);
			mainGroup = 18AE3CCC1D5DB4D300E651C6;
			productRefGroup = 18AE3CD61D5DB4D300E651C6 /* Products */;
			projectDirPath = "";
			projectRoot = "";
			targets = (
				18AE3CD41D5DB4D300E651C6 /* AppScreenMocker */,
			);
		};
/* End PBXProject section */

/* Begin PBXResourcesBuildPhase section */
		18AE3CD31D5DB4D300E651C6 /* Resources */ = {
			isa = PBXResourcesBuildPhase;
			buildActionMask = 2147483647;
			files = (
				18AE3CFA1D5DCC0C00E651C6 /* AppAssets.xcassets in Resources */,
				18AE3CE31D5DB4D300E651C6 /* LaunchScreen.storyboard in Resources */,
			);
			runOnlyForDeploymentPostprocessing = 0;
		};
/* End PBXResourcesBuildPhase section */

/* Begin PBXShellScriptBuildPhase section */
		3E42B364015F0B083C910B49 /* [CP] Embed Pods Frameworks */ = {
			isa = PBXShellScriptBuildPhase;
			buildActionMask = 2147483647;
			files = (
			);
			inputPaths = (
			);
			name = "[CP] Embed Pods Frameworks";
			outputPaths = (
			);
			runOnlyForDeploymentPostprocessing = 0;
			shellPath = /bin/sh;
			shellScript = "\"${SRCROOT}/Pods/Target Support Files/Pods-AppScreenMocker/Pods-AppScreenMocker-frameworks.sh\"\n";
			showEnvVarsInLog = 0;
		};
		69143ED39B9F203653F2BFA0 /* [CP] Check Pods Manifest.lock */ = {
			isa = PBXShellScriptBuildPhase;
			buildActionMask = 2147483647;
			files = (
			);
			inputPaths = (
			);
			name = "[CP] Check Pods Manifest.lock";
			outputPaths = (
			);
			runOnlyForDeploymentPostprocessing = 0;
			shellPath = /bin/sh;
			shellScript = "diff \"${PODS_ROOT}/../Podfile.lock\" \"${PODS_ROOT}/Manifest.lock\" > /dev/null\nif [[ $? != 0 ]] ; then\n    cat << EOM\nerror: The sandbox is not in sync with the Podfile.lock. Run 'pod install' or update your CocoaPods installation.\nEOM\n    exit 1\nfi\n";
			showEnvVarsInLog = 0;
		};
		9BEA0723093DEBF4CE4A37DA /* [CP] Copy Pods Resources */ = {
			isa = PBXShellScriptBuildPhase;
			buildActionMask = 2147483647;
			files = (
			);
			inputPaths = (
			);
			name = "[CP] Copy Pods Resources";
			outputPaths = (
			);
			runOnlyForDeploymentPostprocessing = 0;
			shellPath = /bin/sh;
			shellScript = "\"${SRCROOT}/Pods/Target Support Files/Pods-AppScreenMocker/Pods-AppScreenMocker-resources.sh\"\n";
			showEnvVarsInLog = 0;
		};
/* End PBXShellScriptBuildPhase section */

/* Begin PBXSourcesBuildPhase section */
		18AE3CD11D5DB4D300E651C6 /* Sources */ = {
			isa = PBXSourcesBuildPhase;
			buildActionMask = 2147483647;
			files = (
				18AE3CED1D5DBD5300E651C6 /* AppHomeController.swift in Sources */,
				1814CF871D94C57400F24842 /* MomentConstants.swift in Sources */,
				187E30C81D61A71300F27B9D /* SignalStrengthIndicator.swift in Sources */,
				18FED1E11D93C2BC0008982F /* UIControl+Target.swift in Sources */,
				182439731D62FA06002A5C99 /* UIView+Gestures.swift in Sources */,
				182AB0AD1D757CC0001EA9A1 /* MomentData.swift in Sources */,
				182439781D63FE12002A5C99 /* MomentView.swift in Sources */,
				18B532411D615EB70004BFE1 /* WechatScreenListController.swift in Sources */,
				186B46CA1D9385F600ADE14D /* HomeTableViewCell.swift in Sources */,
				18AE42711D77BCFF0071C9C2 /* SudokuView.swift in Sources */,
				183E42F11DB33E810077A850 /* ViewId.swift in Sources */,
				1814CF831D94BD0900F24842 /* ViewOptions.swift in Sources */,
				18DE47D11D910A4F00477C6B /* NSURL+Params.swift in Sources */,
				18B532431D6167D80004BFE1 /* WechatMomentsController.swift in Sources */,
				182439751D63F72F002A5C99 /* StatusBarView.swift in Sources */,
				1824397A1D6BFC15002A5C99 /* WechatMomentViewID.swift in Sources */,
				18576F811D619DF900837ED2 /* UIUtils.swift in Sources */,
				18DE47CF1D89399000477C6B /* LikeAndCommentsView.swift in Sources */,
				187E30CA1D61C05000F27B9D /* WechatNavigationBarView.swift in Sources */,
				18AE3CD91D5DB4D300E651C6 /* AppDelegate.swift in Sources */,
				1889C1B21D93886F00F813F8 /* WechatScreenTableViewCell.swift in Sources */,
			);
			runOnlyForDeploymentPostprocessing = 0;
		};
/* End PBXSourcesBuildPhase section */

/* Begin PBXVariantGroup section */
		18AE3CE11D5DB4D300E651C6 /* LaunchScreen.storyboard */ = {
			isa = PBXVariantGroup;
			children = (
				18AE3CE21D5DB4D300E651C6 /* Base */,
				18B34F241D93D3E100044DD0 /* zh-Hans */,
			);
			name = LaunchScreen.storyboard;
			sourceTree = "<group>";
		};
/* End PBXVariantGroup section */

/* Begin XCBuildConfiguration section */
		18AE3CE51D5DB4D300E651C6 /* Debug */ = {
			isa = XCBuildConfiguration;
			buildSettings = {
				ALWAYS_SEARCH_USER_PATHS = NO;
				CLANG_ANALYZER_LOCALIZABILITY_NONLOCALIZED = YES;
				CLANG_ANALYZER_NONNULL = YES;
				CLANG_CXX_LANGUAGE_STANDARD = "gnu++0x";
				CLANG_CXX_LIBRARY = "libc++";
				CLANG_ENABLE_MODULES = YES;
				CLANG_ENABLE_OBJC_ARC = YES;
				CLANG_WARN_BOOL_CONVERSION = YES;
				CLANG_WARN_CONSTANT_CONVERSION = YES;
				CLANG_WARN_DIRECT_OBJC_ISA_USAGE = YES_ERROR;
				CLANG_WARN_EMPTY_BODY = YES;
				CLANG_WARN_ENUM_CONVERSION = YES;
				CLANG_WARN_INFINITE_RECURSION = YES;
				CLANG_WARN_INT_CONVERSION = YES;
				CLANG_WARN_OBJC_ROOT_CLASS = YES_ERROR;
				CLANG_WARN_SUSPICIOUS_MOVE = YES;
				CLANG_WARN_UNREACHABLE_CODE = YES;
				CLANG_WARN__DUPLICATE_METHOD_MATCH = YES;
				"CODE_SIGN_IDENTITY[sdk=iphoneos*]" = "iPhone Developer";
				COPY_PHASE_STRIP = NO;
				DEBUG_INFORMATION_FORMAT = dwarf;
				ENABLE_STRICT_OBJC_MSGSEND = YES;
				ENABLE_TESTABILITY = YES;
				GCC_C_LANGUAGE_STANDARD = gnu99;
				GCC_DYNAMIC_NO_PIC = NO;
				GCC_NO_COMMON_BLOCKS = YES;
				GCC_OPTIMIZATION_LEVEL = 0;
				GCC_PREPROCESSOR_DEFINITIONS = (
					"DEBUG=1",
					"$(inherited)",
				);
				GCC_WARN_64_TO_32_BIT_CONVERSION = YES;
				GCC_WARN_ABOUT_RETURN_TYPE = YES_ERROR;
				GCC_WARN_UNDECLARED_SELECTOR = YES;
				GCC_WARN_UNINITIALIZED_AUTOS = YES_AGGRESSIVE;
				GCC_WARN_UNUSED_FUNCTION = YES;
				GCC_WARN_UNUSED_VARIABLE = YES;
				IPHONEOS_DEPLOYMENT_TARGET = 9.3;
				MTL_ENABLE_DEBUG_INFO = YES;
				ONLY_ACTIVE_ARCH = YES;
				SDKROOT = iphoneos;
				SWIFT_OPTIMIZATION_LEVEL = "-Onone";
			};
			name = Debug;
		};
		18AE3CE61D5DB4D300E651C6 /* Release */ = {
			isa = XCBuildConfiguration;
			buildSettings = {
				ALWAYS_SEARCH_USER_PATHS = NO;
				CLANG_ANALYZER_LOCALIZABILITY_NONLOCALIZED = YES;
				CLANG_ANALYZER_NONNULL = YES;
				CLANG_CXX_LANGUAGE_STANDARD = "gnu++0x";
				CLANG_CXX_LIBRARY = "libc++";
				CLANG_ENABLE_MODULES = YES;
				CLANG_ENABLE_OBJC_ARC = YES;
				CLANG_WARN_BOOL_CONVERSION = YES;
				CLANG_WARN_CONSTANT_CONVERSION = YES;
				CLANG_WARN_DIRECT_OBJC_ISA_USAGE = YES_ERROR;
				CLANG_WARN_EMPTY_BODY = YES;
				CLANG_WARN_ENUM_CONVERSION = YES;
				CLANG_WARN_INFINITE_RECURSION = YES;
				CLANG_WARN_INT_CONVERSION = YES;
				CLANG_WARN_OBJC_ROOT_CLASS = YES_ERROR;
				CLANG_WARN_SUSPICIOUS_MOVE = YES;
				CLANG_WARN_UNREACHABLE_CODE = YES;
				CLANG_WARN__DUPLICATE_METHOD_MATCH = YES;
				"CODE_SIGN_IDENTITY[sdk=iphoneos*]" = "iPhone Developer";
				COPY_PHASE_STRIP = NO;
				DEBUG_INFORMATION_FORMAT = "dwarf-with-dsym";
				ENABLE_NS_ASSERTIONS = NO;
				ENABLE_STRICT_OBJC_MSGSEND = YES;
				GCC_C_LANGUAGE_STANDARD = gnu99;
				GCC_NO_COMMON_BLOCKS = YES;
				GCC_WARN_64_TO_32_BIT_CONVERSION = YES;
				GCC_WARN_ABOUT_RETURN_TYPE = YES_ERROR;
				GCC_WARN_UNDECLARED_SELECTOR = YES;
				GCC_WARN_UNINITIALIZED_AUTOS = YES_AGGRESSIVE;
				GCC_WARN_UNUSED_FUNCTION = YES;
				GCC_WARN_UNUSED_VARIABLE = YES;
				IPHONEOS_DEPLOYMENT_TARGET = 9.3;
				MTL_ENABLE_DEBUG_INFO = NO;
				SDKROOT = iphoneos;
				SWIFT_OPTIMIZATION_LEVEL = "-Owholemodule";
				VALIDATE_PRODUCT = YES;
			};
			name = Release;
		};
		18AE3CE81D5DB4D300E651C6 /* Debug */ = {
			isa = XCBuildConfiguration;
			baseConfigurationReference = 68A0C31FB7A9931C06C549D0 /* Pods-AppScreenMocker.debug.xcconfig */;
			buildSettings = {
				ALWAYS_EMBED_SWIFT_STANDARD_LIBRARIES = YES;
				ASSETCATALOG_COMPILER_APPICON_NAME = AppIcon;
				CODE_SIGN_IDENTITY = "iPhone Developer";
				INFOPLIST_FILE = AppScreenMocker/Info.plist;
				LD_RUNPATH_SEARCH_PATHS = "$(inherited) @executable_path/Frameworks";
				PRODUCT_BUNDLE_IDENTIFIER = top.defaults.AppScreenMocker;
				PRODUCT_NAME = "$(TARGET_NAME)";
				SWIFT_VERSION = 3.0;
			};
			name = Debug;
		};
		18AE3CE91D5DB4D300E651C6 /* Release */ = {
			isa = XCBuildConfiguration;
			baseConfigurationReference = B4C6B50DB8B1EF2342BBD08D /* Pods-AppScreenMocker.release.xcconfig */;
			buildSettings = {
				ALWAYS_EMBED_SWIFT_STANDARD_LIBRARIES = YES;
				ASSETCATALOG_COMPILER_APPICON_NAME = AppIcon;
				CODE_SIGN_IDENTITY = "iPhone Developer";
				INFOPLIST_FILE = AppScreenMocker/Info.plist;
				LD_RUNPATH_SEARCH_PATHS = "$(inherited) @executable_path/Frameworks";
				PRODUCT_BUNDLE_IDENTIFIER = top.defaults.AppScreenMocker;
				PRODUCT_NAME = "$(TARGET_NAME)";
				SWIFT_VERSION = 3.0;
			};
			name = Release;
		};
/* End XCBuildConfiguration section */

/* Begin XCConfigurationList section */
		18AE3CD01D5DB4D300E651C6 /* Build configuration list for PBXProject "AppScreenMocker" */ = {
			isa = XCConfigurationList;
			buildConfigurations = (
				18AE3CE51D5DB4D300E651C6 /* Debug */,
				18AE3CE61D5DB4D300E651C6 /* Release */,
			);
			defaultConfigurationIsVisible = 0;
			defaultConfigurationName = Release;
		};
		18AE3CE71D5DB4D300E651C6 /* Build configuration list for PBXNativeTarget "AppScreenMocker" */ = {
			isa = XCConfigurationList;
			buildConfigurations = (
				18AE3CE81D5DB4D300E651C6 /* Debug */,
				18AE3CE91D5DB4D300E651C6 /* Release */,
			);
			defaultConfigurationIsVisible = 0;
			defaultConfigurationName = Release;
		};
/* End XCConfigurationList section */
	};
	rootObject = 18AE3CCD1D5DB4D300E651C6 /* Project object */;
}
